
Microsoft Visual Studio Solution File, Format Version 12.00
# Visual Studio 2012
Project("{FAE04EC0-301F-11D3-BF4B-00C04F79EFBC}") = "ExportGrid", "ExportGrid\ExportGrid.csproj", "{7CFB024E-0F24-4166-9BAD-EAEAB4A10EAD}"
EndProject
Project("{FAE04EC0-301F-11D3-BF4B-00C04F79EFBC}") = "ExportSTL", "ExportSTL\ExportSTL.csproj", "{3C3D6ECE-B954-4DAA-AF28-50E49AB28B04}"
EndProject
Global
	GlobalSection(SolutionConfigurationPlatforms) = preSolution
		Debug|x64 = Debug|x64
		Debug|x86 = Debug|x86
		Release|x64 = Release|x64
		Release|x86 = Release|x86
	EndGlobalSection
	GlobalSection(ProjectConfigurationPlatforms) = postSolution
		{7CFB024E-0F24-4166-9BAD-EAEAB4A10EAD}.Debug|x64.ActiveCfg = Debug|x64
		{7CFB024E-0F24-4166-9BAD-EAEAB4A10EAD}.Debug|x64.Build.0 = Debug|x64
		{7CFB024E-0F24-4166-9BAD-EAEAB4A10EAD}.Debug|x86.ActiveCfg = Debug|x86
		{7CFB024E-0F24-4166-9BAD-EAEAB4A10EAD}.Debug|x86.Build.0 = Debug|x86
		{7CFB024E-0F24-4166-9BAD-EAEAB4A10EAD}.Release|x64.ActiveCfg = Release|x64
		{7CFB024E-0F24-4166-9BAD-EAEAB4A10EAD}.Release|x64.Build.0 = Release|x64
		{7CFB024E-0F24-4166-9BAD-EAEAB4A10EAD}.Release|x86.ActiveCfg = Release|x86
		{7CFB024E-0F24-4166-9BAD-EAEAB4A10EAD}.Release|x86.Build.0 = Release|x86
		{3C3D6ECE-B954-4DAA-AF28-50E49AB28B04}.Debug|x64.ActiveCfg = Debug|x64
		{3C3D6ECE-B954-4DAA-AF28-50E49AB28B04}.Debug|x64.Build.0 = Debug|x64
		{3C3D6ECE-B954-4DAA-AF28-50E49AB28B04}.Debug|x86.ActiveCfg = Debug|x86
		{3C3D6ECE-B954-4DAA-AF28-50E49AB28B04}.Debug|x86.Build.0 = Debug|x86
		{3C3D6ECE-B954-4DAA-AF28-50E49AB28B04}.Release|x64.ActiveCfg = Release|x64
		{3C3D6ECE-B954-4DAA-AF28-50E49AB28B04}.Release|x64.Build.0 = Release|x64
		{3C3D6ECE-B954-4DAA-AF28-50E49AB28B04}.Release|x86.ActiveCfg = Release|x86
		{3C3D6ECE-B954-4DAA-AF28-50E49AB28B04}.Release|x86.Build.0 = Release|x86
	EndGlobalSection
	GlobalSection(SolutionProperties) = preSolution
		HideSolutionNode = FALSE
	EndGlobalSection
EndGlobal
